
Microsoft Visual Studio Solution File, Format Version 12.00
# Visual Studio 15
VisualStudioVersion = 15.0.27004.2006
MinimumVisualStudioVersion = 10.0.40219.1
Project("{9A19103F-16F7-4668-BE54-9A1E7A4F7556}") = "AlbumsRegistry.Model", "AlbumsRegistry.Model\AlbumsRegistry.Model.csproj", "{4AFE76C1-C227-4ECF-8768-5ED6DE85589F}"
EndProject
Project("{9A19103F-16F7-4668-BE54-9A1E7A4F7556}") = "AlbumsRegistry.WebApi", "AlbumsRegistry.WebApi\AlbumsRegistry.WebApi.csproj", "{2602C112-3D34-43A5-A25A-5317D177BD48}"
EndProject
Project("{FAE04EC0-301F-11D3-BF4B-00C04F79EFBC}") = "AlbumsRegistry.UI", "AlbumsRegistry.UI\AlbumsRegistry.UI.csproj", "{AD080004-77F9-48FF-BADA-C61D7C6303ED}"
EndProject
Global
	GlobalSection(SolutionConfigurationPlatforms) = preSolution
		Debug|Any CPU = Debug|Any CPU
		Release|Any CPU = Release|Any CPU
	EndGlobalSection
	GlobalSection(ProjectConfigurationPlatforms) = postSolution
		{4AFE76C1-C227-4ECF-8768-5ED6DE85589F}.Debug|Any CPU.ActiveCfg = Debug|Any CPU
		{4AFE76C1-C227-4ECF-8768-5ED6DE85589F}.Debug|Any CPU.Build.0 = Debug|Any CPU
		{4AFE76C1-C227-4ECF-8768-5ED6DE85589F}.Release|Any CPU.ActiveCfg = Release|Any CPU
		{4AFE76C1-C227-4ECF-8768-5ED6DE85589F}.Release|Any CPU.Build.0 = Release|Any CPU
		{2602C112-3D34-43A5-A25A-5317D177BD48}.Debug|Any CPU.ActiveCfg = Debug|Any CPU
		{2602C112-3D34-43A5-A25A-5317D177BD48}.Debug|Any CPU.Build.0 = Debug|Any CPU
		{2602C112-3D34-43A5-A25A-5317D177BD48}.Release|Any CPU.ActiveCfg = Release|Any CPU
		{2602C112-3D34-43A5-A25A-5317D177BD48}.Release|Any CPU.Build.0 = Release|Any CPU
		{AD080004-77F9-48FF-BADA-C61D7C6303ED}.Debug|Any CPU.ActiveCfg = Debug|Any CPU
		{AD080004-77F9-48FF-BADA-C61D7C6303ED}.Debug|Any CPU.Build.0 = Debug|Any CPU
		{AD080004-77F9-48FF-BADA-C61D7C6303ED}.Release|Any CPU.ActiveCfg = Release|Any CPU
		{AD080004-77F9-48FF-BADA-C61D7C6303ED}.Release|Any CPU.Build.0 = Release|Any CPU
	EndGlobalSection
	GlobalSection(SolutionProperties) = preSolution
		HideSolutionNode = FALSE
	EndGlobalSection
	GlobalSection(ExtensibilityGlobals) = postSolution
		SolutionGuid = {29FF805B-2FF5-4687-889B-B2D851CBB40B}
	EndGlobalSection
EndGlobal
